// !$*UTF8*$!
{
	archiveVersion = 1;
	classes = {
	};
	objectVersion = 50;
	objects = {

/* Begin PBXBuildFile section */
		3C93B0A724D197AA00920926 /* AppDelegate.swift in Sources */ = {isa = PBXBuildFile; fileRef = 3C93B0A624D197AA00920926 /* AppDelegate.swift */; };
		3C93B0A924D197AA00920926 /* SceneDelegate.swift in Sources */ = {isa = PBXBuildFile; fileRef = 3C93B0A824D197AA00920926 /* SceneDelegate.swift */; };
		3C93B0AD24D197AC00920926 /* Assets.xcassets in Resources */ = {isa = PBXBuildFile; fileRef = 3C93B0AC24D197AC00920926 /* Assets.xcassets */; };
		3C93B0B024D197AC00920926 /* Preview Assets.xcassets in Resources */ = {isa = PBXBuildFile; fileRef = 3C93B0AF24D197AC00920926 /* Preview Assets.xcassets */; };
		3C93B0B324D197AC00920926 /* LaunchScreen.storyboard in Resources */ = {isa = PBXBuildFile; fileRef = 3C93B0B124D197AC00920926 /* LaunchScreen.storyboard */; };
		3C9E2A4D24D36C92009390BF /* ContentView.swift in Sources */ = {isa = PBXBuildFile; fileRef = 3C9E2A4C24D36C92009390BF /* ContentView.swift */; };
/* End PBXBuildFile section */

/* Begin PBXFileReference section */
		3C93B0A324D197AA00920926 /* Solver.app */ = {isa = PBXFileReference; explicitFileType = wrapper.application; includeInIndex = 0; path = Solver.app; sourceTree = BUILT_PRODUCTS_DIR; };
		3C93B0A624D197AA00920926 /* AppDelegate.swift */ = {isa = PBXFileReference; lastKnownFileType = sourcecode.swift; path = AppDelegate.swift; sourceTree = "<group>"; };
		3C93B0A824D197AA00920926 /* SceneDelegate.swift */ = {isa = PBXFileReference; lastKnownFileType = sourcecode.swift; path = SceneDelegate.swift; sourceTree = "<group>"; };
		3C93B0AC24D197AC00920926 /* Assets.xcassets */ = {isa = PBXFileReference; lastKnownFileType = folder.assetcatalog; path = Assets.xcassets; sourceTree = "<group>"; };
		3C93B0AF24D197AC00920926 /* Preview Assets.xcassets */ = {isa = PBXFileReference; lastKnownFileType = folder.assetcatalog; path = "Preview Assets.xcassets"; sourceTree = "<group>"; };
		3C93B0B224D197AC00920926 /* Base */ = {isa = PBXFileReference; lastKnownFileType = file.storyboard; name = Base; path = Base.lproj/LaunchScreen.storyboard; sourceTree = "<group>"; };
		3C93B0B424D197AC00920926 /* Info.plist */ = {isa = PBXFileReference; lastKnownFileType = text.plist.xml; path = Info.plist; sourceTree = "<group>"; };
		3C9E2A4C24D36C92009390BF /* ContentView.swift */ = {isa = PBXFileReference; fileEncoding = 4; lastKnownFileType = sourcecode.swift; path = ContentView.swift; sourceTree = "<group>"; };
		3CC5B28B2575A14B00F713CC /* scratchFile.playground */ = {isa = PBXFileReference; lastKnownFileType = file.playground; name = scratchFile.playground; path = ../scratchFile.playground; sourceTree = "<group>"; xcLanguageSpecificationIdentifier = xcode.lang.swift; };
/* End PBXFileReference section */

/* Begin PBXFrameworksBuildPhase section */
		3C93B0A024D197AA00920926 /* Frameworks */ = {
			isa = PBXFrameworksBuildPhase;
			buildActionMask = 2147483647;
			files = (
			);
			runOnlyForDeploymentPostprocessing = 0;
		};
/* End PBXFrameworksBuildPhase section */

/* Begin PBXGroup section */
		3C93B09A24D197A900920926 = {
			isa = PBXGroup;
			children = (
				3CC5B28B2575A14B00F713CC /* scratchFile.playground */,
				3C93B0A524D197AA00920926 /* quadratic solver */,
				3C93B0A424D197AA00920926 /* Products */,
			);
			sourceTree = "<group>";
		};
		3C93B0A424D197AA00920926 /* Products */ = {
			isa = PBXGroup;
			children = (
				3C93B0A324D197AA00920926 /* Solver.app */,
			);
			name = Products;
			sourceTree = "<group>";
		};
		3C93B0A524D197AA00920926 /* quadratic solver */ = {
			isa = PBXGroup;
			children = (
				3C93B0A624D197AA00920926 /* AppDelegate.swift */,
				3C93B0A824D197AA00920926 /* SceneDelegate.swift */,
				3C9E2A4C24D36C92009390BF /* ContentView.swift */,
				3C93B0AC24D197AC00920926 /* Assets.xcassets */,
				3C93B0B124D197AC00920926 /* LaunchScreen.storyboard */,
				3C93B0B424D197AC00920926 /* Info.plist */,
				3C93B0AE24D197AC00920926 /* Preview Content */,
			);
			path = "quadratic solver";
			sourceTree = "<group>";
		};
		3C93B0AE24D197AC00920926 /* Preview Content */ = {
			isa = PBXGroup;
			children = (
				3C93B0AF24D197AC00920926 /* Preview Assets.xcassets */,
			);
			path = "Preview Content";
			sourceTree = "<group>";
		};
/* End PBXGroup section */

/* Begin PBXNativeTarget section */
		3C93B0A224D197AA00920926 /* quadratic solver */ = {
			isa = PBXNativeTarget;
			buildConfigurationList = 3C93B0B724D197AC00920926 /* Build configuration list for PBXNativeTarget "quadratic solver" */;
			buildPhases = (
				3C93B09F24D197AA00920926 /* Sources */,
				3C93B0A024D197AA00920926 /* Frameworks */,
				3C93B0A124D197AA00920926 /* Resources */,
			);
			buildRules = (
			);
			dependencies = (
			);
			name = "quadratic solver";
			productName = "quadratic solver";
			productReference = 3C93B0A324D197AA00920926 /* Solver.app */;
			productType = "com.apple.product-type.application";
		};
/* End PBXNativeTarget section */

/* Begin PBXProject section */
		3C93B09B24D197A900920926 /* Project object */ = {
			isa = PBXProject;
			attributes = {
				LastSwiftUpdateCheck = 1160;
				LastUpgradeCheck = 1200;
				ORGANIZATIONNAME = Mani;
				TargetAttributes = {
					3C93B0A224D197AA00920926 = {
						CreatedOnToolsVersion = 11.6;
					};
				};
			};
			buildConfigurationList = 3C93B09E24D197A900920926 /* Build configuration list for PBXProject "quadratic solver" */;
			compatibilityVersion = "Xcode 9.3";
			developmentRegion = en;
			hasScannedForEncodings = 0;
			knownRegions = (
				en,
				Base,
			);
			mainGroup = 3C93B09A24D197A900920926;
			productRefGroup = 3C93B0A424D197AA00920926 /* Products */;
			projectDirPath = "";
			projectRoot = "";
			targets = (
				3C93B0A224D197AA00920926 /* quadratic solver */,
			);
		};
/* End PBXProject section */

/* Begin PBXResourcesBuildPhase section */
		3C93B0A124D197AA00920926 /* Resources */ = {
			isa = PBXResourcesBuildPhase;
			buildActionMask = 2147483647;
			files = (
				3C93B0B324D197AC00920926 /* LaunchScreen.storyboard in Resources */,
				3C93B0B024D197AC00920926 /* Preview Assets.xcassets in Resources */,
				3C93B0AD24D197AC00920926 /* Assets.xcassets in Resources */,
			);
			runOnlyForDeploymentPostprocessing = 0;
		};
/* End PBXResourcesBuildPhase section */

/* Begin PBXSourcesBuildPhase section */
		3C93B09F24D197AA00920926 /* Sources */ = {
			isa = PBXSourcesBuildPhase;
			buildActionMask = 2147483647;
			files = (
				3C93B0A724D197AA00920926 /* AppDelegate.swift in Sources */,
				3C93B0A924D197AA00920926 /* SceneDelegate.swift in Sources */,
				3C9E2A4D24D36C92009390BF /* ContentView.swift in Sources */,
			);
			runOnlyForDeploymentPostprocessing = 0;
		};
/* End PBXSourcesBuildPhase section */

/* Begin PBXVariantGroup section */
		3C93B0B124D197AC00920926 /* LaunchScreen.storyboard */ = {
			isa = PBXVariantGroup;
			children = (
				3C93B0B224D197AC00920926 /* Base */,
			);
			name = LaunchScreen.storyboard;
			sourceTree = "<group>";
		};
/* End PBXVariantGroup section */

/* Begin XCBuildConfiguration section */
		3C93B0B524D197AC00920926 /* Debug */ = {
			isa = XCBuildConfiguration;
			buildSettings = {
				ALWAYS_SEARCH_USER_PATHS = NO;
				CLANG_ANALYZER_NONNULL = YES;
				CLANG_ANALYZER_NUMBER_OBJECT_CONVERSION = YES_AGGRESSIVE;
				CLANG_CXX_LANGUAGE_STANDARD = "gnu++14";
				CLANG_CXX_LIBRARY = "libc++";
				CLANG_ENABLE_MODULES = YES;
				CLANG_ENABLE_OBJC_ARC = YES;
				CLANG_ENABLE_OBJC_WEAK = YES;
				CLANG_WARN_BLOCK_CAPTURE_AUTORELEASING = YES;
				CLANG_WARN_BOOL_CONVERSION = YES;
				CLANG_WARN_COMMA = YES;
				CLANG_WARN_CONSTANT_CONVERSION = YES;
				CLANG_WARN_DEPRECATED_OBJC_IMPLEMENTATIONS = YES;
				CLANG_WARN_DIRECT_OBJC_ISA_USAGE = YES_ERROR;
				CLANG_WARN_DOCUMENTATION_COMMENTS = YES;
				CLANG_WARN_EMPTY_BODY = YES;
				CLANG_WARN_ENUM_CONVERSION = YES;
				CLANG_WARN_INFINITE_RECURSION = YES;
				CLANG_WARN_INT_CONVERSION = YES;
				CLANG_WARN_NON_LITERAL_NULL_CONVERSION = YES;
				CLANG_WARN_OBJC_IMPLICIT_RETAIN_SELF = YES;
				CLANG_WARN_OBJC_LITERAL_CONVERSION = YES;
				CLANG_WARN_OBJC_ROOT_CLASS = YES_ERROR;
				CLANG_WARN_QUOTED_INCLUDE_IN_FRAMEWORK_HEADER = YES;
				CLANG_WARN_RANGE_LOOP_ANALYSIS = YES;
				CLANG_WARN_STRICT_PROTOTYPES = YES;
				CLANG_WARN_SUSPICIOUS_MOVE = YES;
				CLANG_WARN_UNGUARDED_AVAILABILITY = YES_AGGRESSIVE;
				CLANG_WARN_UNREACHABLE_CODE = YES;
				CLANG_WARN__DUPLICATE_METHOD_MATCH = YES;
				COPY_PHASE_STRIP = NO;
				DEBUG_INFORMATION_FORMAT = dwarf;
				ENABLE_STRICT_OBJC_MSGSEND = YES;
				ENABLE_TESTABILITY = YES;
				GCC_C_LANGUAGE_STANDARD = gnu11;
				GCC_DYNAMIC_NO_PIC = NO;
				GCC_NO_COMMON_BLOCKS = YES;
				GCC_OPTIMIZATION_LEVEL = 0;
				GCC_PREPROCESSOR_DEFINITIONS = (
					"DEBUG=1",
					"$(inherited)",
				);
				GCC_WARN_64_TO_32_BIT_CONVERSION = YES;
				GCC_WARN_ABOUT_RETURN_TYPE = YES_ERROR;
				GCC_WARN_UNDECLARED_SELECTOR = YES;
				GCC_WARN_UNINITIALIZED_AUTOS = YES_AGGRESSIVE;
				GCC_WARN_UNUSED_FUNCTION = YES;
				GCC_WARN_UNUSED_VARIABLE = YES;
				IPHONEOS_DEPLOYMENT_TARGET = 13.0;
				MTL_ENABLE_DEBUG_INFO = INCLUDE_SOURCE;
				MTL_FAST_MATH = YES;
				ONLY_ACTIVE_ARCH = YES;
				SDKROOT = iphoneos;
				SWIFT_ACTIVE_COMPILATION_CONDITIONS = DEBUG;
				SWIFT_OPTIMIZATION_LEVEL = "-Onone";
			};
			name = Debug;
		};
		3C93B0B624D197AC00920926 /* Release */ = {
			isa = XCBuildConfiguration;
			buildSettings = {
				ALWAYS_SEARCH_USER_PATHS = NO;
				CLANG_ANALYZER_NONNULL = YES;
				CLANG_ANALYZER_NUMBER_OBJECT_CONVERSION = YES_AGGRESSIVE;
				CLANG_CXX_LANGUAGE_STANDARD = "gnu++14";
				CLANG_CXX_LIBRARY = "libc++";
				CLANG_ENABLE_MODULES = YES;
				CLANG_ENABLE_OBJC_ARC = YES;
				CLANG_ENABLE_OBJC_WEAK = YES;
				CLANG_WARN_BLOCK_CAPTURE_AUTORELEASING = YES;
				CLANG_WARN_BOOL_CONVERSION = YES;
				CLANG_WARN_COMMA = YES;
				CLANG_WARN_CONSTANT_CONVERSION = YES;
				CLANG_WARN_DEPRECATED_OBJC_IMPLEMENTATIONS = YES;
				CLANG_WARN_DIRECT_OBJC_ISA_USAGE = YES_ERROR;
				CLANG_WARN_DOCUMENTATION_COMMENTS = YES;
				CLANG_WARN_EMPTY_BODY = YES;
				CLANG_WARN_ENUM_CONVERSION = YES;
				CLANG_WARN_INFINITE_RECURSION = YES;
				CLANG_WARN_INT_CONVERSION = YES;
				CLANG_WARN_NON_LITERAL_NULL_CONVERSION = YES;
				CLANG_WARN_OBJC_IMPLICIT_RETAIN_SELF = YES;
				CLANG_WARN_OBJC_LITERAL_CONVERSION = YES;
				CLANG_WARN_OBJC_ROOT_CLASS = YES_ERROR;
				CLANG_WARN_QUOTED_INCLUDE_IN_FRAMEWORK_HEADER = YES;
				CLANG_WARN_RANGE_LOOP_ANALYSIS = YES;
				CLANG_WARN_STRICT_PROTOTYPES = YES;
				CLANG_WARN_SUSPICIOUS_MOVE = YES;
				CLANG_WARN_UNGUARDED_AVAILABILITY = YES_AGGRESSIVE;
				CLANG_WARN_UNREACHABLE_CODE = YES;
				CLANG_WARN__DUPLICATE_METHOD_MATCH = YES;
				COPY_PHASE_STRIP = NO;
				DEBUG_INFORMATION_FORMAT = "dwarf-with-dsym";
				ENABLE_NS_ASSERTIONS = NO;
				ENABLE_STRICT_OBJC_MSGSEND = YES;
				GCC_C_LANGUAGE_STANDARD = gnu11;
				GCC_NO_COMMON_BLOCKS = YES;
				GCC_WARN_64_TO_32_BIT_CONVERSION = YES;
				GCC_WARN_ABOUT_RETURN_TYPE = YES_ERROR;
				GCC_WARN_UNDECLARED_SELECTOR = YES;
				GCC_WARN_UNINITIALIZED_AUTOS = YES_AGGRESSIVE;
				GCC_WARN_UNUSED_FUNCTION = YES;
				GCC_WARN_UNUSED_VARIABLE = YES;
				IPHONEOS_DEPLOYMENT_TARGET = 13.0;
				MTL_ENABLE_DEBUG_INFO = NO;
				MTL_FAST_MATH = YES;
				SDKROOT = iphoneos;
				SWIFT_COMPILATION_MODE = wholemodule;
				SWIFT_OPTIMIZATION_LEVEL = "-O";
				VALIDATE_PRODUCT = YES;
			};
			name = Release;
		};
		3C93B0B824D197AC00920926 /* Debug */ = {
			isa = XCBuildConfiguration;
			buildSettings = {
				ASSETCATALOG_COMPILER_APPICON_NAME = AppIcon;
				CODE_SIGN_STYLE = Automatic;
				DEVELOPMENT_ASSET_PATHS = "\"quadratic solver/Preview Content\"";
				DEVELOPMENT_TEAM = QR8TDZJV2W;
				ENABLE_PREVIEWS = YES;
				INFOPLIST_FILE = "quadratic solver/Info.plist";
				IPHONEOS_DEPLOYMENT_TARGET = 13.0;
				LD_RUNPATH_SEARCH_PATHS = (
					"$(inherited)",
					"@executable_path/Frameworks",
				);
				PRODUCT_BUNDLE_IDENTIFIER = "mani.quadratic-solver";
				PRODUCT_NAME = Solver;
				SWIFT_VERSION = 5.0;
				TARGETED_DEVICE_FAMILY = 1;
			};
			name = Debug;
		};
		3C93B0B924D197AC00920926 /* Release */ = {
			isa = XCBuildConfiguration;
			buildSettings = {
				ASSETCATALOG_COMPILER_APPICON_NAME = AppIcon;
				CODE_SIGN_STYLE = Automatic;
				DEVELOPMENT_ASSET_PATHS = "\"quadratic solver/Preview Content\"";
				DEVELOPMENT_TEAM = QR8TDZJV2W;
				ENABLE_PREVIEWS = YES;
				INFOPLIST_FILE = "quadratic solver/Info.plist";
				IPHONEOS_DEPLOYMENT_TARGET = 13.0;
				LD_RUNPATH_SEARCH_PATHS = (
					"$(inherited)",
					"@executable_path/Frameworks",
				);
				PRODUCT_BUNDLE_IDENTIFIER = "mani.quadratic-solver";
				PRODUCT_NAME = Solver;
				SWIFT_VERSION = 5.0;
				TARGETED_DEVICE_FAMILY = 1;
			};
			name = Release;
		};
/* End XCBuildConfiguration section */

/* Begin XCConfigurationList section */
		3C93B09E24D197A900920926 /* Build configuration list for PBXProject "quadratic solver" */ = {
			isa = XCConfigurationList;
			buildConfigurations = (
				3C93B0B524D197AC00920926 /* Debug */,
				3C93B0B624D197AC00920926 /* Release */,
			);
			defaultConfigurationIsVisible = 0;
			defaultConfigurationName = Release;
		};
		3C93B0B724D197AC00920926 /* Build configuration list for PBXNativeTarget "quadratic solver" */ = {
			isa = XCConfigurationList;
			buildConfigurations = (
				3C93B0B824D197AC00920926 /* Debug */,
				3C93B0B924D197AC00920926 /* Release */,
			);
			defaultConfigurationIsVisible = 0;
			defaultConfigurationName = Release;
		};
/* End XCConfigurationList section */
	};
	rootObject = 3C93B09B24D197A900920926 /* Project object */;
}
